# THIS IS AN AUTOGENERATED FILE. DO NOT EDIT THIS FILE DIRECTLY.
# yarn lockfile v1


preact-render-to-string@^3.6.0:
  version "3.6.0"
  resolved "https://registry.yarnpkg.com/preact-render-to-string/-/preact-render-to-string-3.6.0.tgz#03a49d2d755a766c3d421e8b06d6edbb33ed6bde"
  dependencies:
    pretty-format "^3.5.1"

preact@^7.2.0:
  version "7.2.0"
  resolved "https://registry.yarnpkg.com/preact/-/preact-7.2.0.tgz#8aacc97465a65509bc556604a7750d48e2fa7ad1"

pretty-format@^3.5.1:
  version "3.8.0"
  resolved "https://registry.yarnpkg.com/pretty-format/-/pretty-format-3.8.0.tgz#bfbed56d5e9a776645f4b1ff7aa1a3ac4fa3c385"
